
Microsoft Visual Studio Solution File, Format Version 12.00
# Visual Studio Version 17
VisualStudioVersion = 17.0.31903.59
MinimumVisualStudioVersion = 10.0.40219.1
Project("{FAE04EC0-301F-11D3-BF4B-00C04F79EFBC}") = "AdvGenNoSqlServer.Client", "AdvGenNoSqlServer.Client\AdvGenNoSqlServer.Client.csproj", "{360D2F2A-3DE7-4D07-8307-D34C36AD47C6}"
EndProject
Project("{FAE04EC0-301F-11D3-BF4B-00C04F79EFBC}") = "AdvGenNoSqlServer.Core", "AdvGenNoSqlServer.Core\AdvGenNoSqlServer.Core.csproj", "{D5D6976D-2C7F-4C6C-98F6-84CA90684674}"
EndProject
Project("{FAE04EC0-301F-11D3-BF4B-00C04F79EFBC}") = "AdvGenNoSqlServer.Host", "AdvGenNoSqlServer.Host\AdvGenNoSqlServer.Host.csproj", "{D94E2511-2B38-4FAB-AA2F-C85FA39EF6D4}"
EndProject
Project("{FAE04EC0-301F-11D3-BF4B-00C04F79EFBC}") = "AdvGenNoSqlServer.Network", "AdvGenNoSqlServer.Network\AdvGenNoSqlServer.Network.csproj", "{81D73944-FD44-4D40-AB64-E7F8F23F7A8E}"
EndProject
Project("{FAE04EC0-301F-11D3-BF4B-00C04F79EFBC}") = "AdvGenNoSqlServer.Query", "AdvGenNoSqlServer.Query\AdvGenNoSqlServer.Query.csproj", "{E650F723-2E2B-4201-814E-A4860A107689}"
EndProject
Project("{FAE04EC0-301F-11D3-BF4B-00C04F79EFBC}") = "AdvGenNoSqlServer.Storage", "AdvGenNoSqlServer.Storage\AdvGenNoSqlServer.Storage.csproj", "{36000A12-871C-4186-87CB-51E36916A616}"
EndProject
Project("{FAE04EC0-301F-11D3-BF4B-00C04F79EFBC}") = "AdvGenNoSqlServer.Tests", "AdvGenNoSqlServer.Tests\AdvGenNoSqlServer.Tests.csproj", "{69F8FFED-A694-4182-9B23-44D141ACC0A1}"
EndProject
Project("{FAE04EC0-301F-11D3-BF4B-00C04F79EFBC}") = "AdvGenNoSqlServer.Server", "AdvGenNoSqlServer.Server\AdvGenNoSqlServer.Server.csproj", "{A2F3D1A1-143E-4D66-B00F-1B0C1A1B1B1B}"
EndProject
Project("{FAE04EC0-301F-11D3-BF4B-00C04F79EFBC}") = "AdvGenNoSqlServer.Benchmarks", "AdvGenNoSqlServer.Benchmarks\AdvGenNoSqlServer.Benchmarks.csproj", "{1F829969-A5D3-4A9A-909E-6E6FB1463AED}"
EndProject
Global
	GlobalSection(SolutionConfigurationPlatforms) = preSolution
		Debug|Any CPU = Debug|Any CPU
		Debug|x64 = Debug|x64
		Debug|x86 = Debug|x86
		Release|Any CPU = Release|Any CPU
		Release|x64 = Release|x64
		Release|x86 = Release|x86
	EndGlobalSection
	GlobalSection(ProjectConfigurationPlatforms) = postSolution
		{360D2F2A-3DE7-4D07-8307-D34C36AD47C6}.Debug|Any CPU.ActiveCfg = Debug|Any CPU
		{360D2F2A-3DE7-4D07-8307-D34C36AD47C6}.Debug|Any CPU.Build.0 = Debug|Any CPU
		{360D2F2A-3DE7-4D07-8307-D34C36AD47C6}.Debug|x64.ActiveCfg = Debug|Any CPU
		{360D2F2A-3DE7-4D07-8307-D34C36AD47C6}.Debug|x64.Build.0 = Debug|Any CPU
		{360D2F2A-3DE7-4D07-8307-D34C36AD47C6}.Debug|x86.ActiveCfg = Debug|Any CPU
		{360D2F2A-3DE7-4D07-8307-D34C36AD47C6}.Debug|x86.Build.0 = Debug|Any CPU
		{360D2F2A-3DE7-4D07-8307-D34C36AD47C6}.Release|Any CPU.ActiveCfg = Release|Any CPU
		{360D2F2A-3DE7-4D07-8307-D34C36AD47C6}.Release|Any CPU.Build.0 = Release|Any CPU
		{360D2F2A-3DE7-4D07-8307-D34C36AD47C6}.Release|x64.ActiveCfg = Release|Any CPU
		{360D2F2A-3DE7-4D07-8307-D34C36AD47C6}.Release|x64.Build.0 = Release|Any CPU
		{360D2F2A-3DE7-4D07-8307-D34C36AD47C6}.Release|x86.ActiveCfg = Release|Any CPU
		{360D2F2A-3DE7-4D07-8307-D34C36AD47C6}.Release|x86.Build.0 = Release|Any CPU
		{D5D6976D-2C7F-4C6C-98F6-84CA90684674}.Debug|Any CPU.ActiveCfg = Debug|Any CPU
		{D5D6976D-2C7F-4C6C-98F6-84CA90684674}.Debug|Any CPU.Build.0 = Debug|Any CPU
		{D5D6976D-2C7F-4C6C-98F6-84CA90684674}.Debug|x64.ActiveCfg = Debug|Any CPU
		{D5D6976D-2C7F-4C6C-98F6-84CA90684674}.Debug|x64.Build.0 = Debug|Any CPU
		{D5D6976D-2C7F-4C6C-98F6-84CA90684674}.Debug|x86.ActiveCfg = Debug|Any CPU
		{D5D6976D-2C7F-4C6C-98F6-84CA90684674}.Debug|x86.Build.0 = Debug|Any CPU
		{D5D6976D-2C7F-4C6C-98F6-84CA90684674}.Release|Any CPU.ActiveCfg = Release|Any CPU
		{D5D6976D-2C7F-4C6C-98F6-84CA90684674}.Release|Any CPU.Build.0 = Release|Any CPU
		{D5D6976D-2C7F-4C6C-98F6-84CA90684674}.Release|x64.ActiveCfg = Release|Any CPU
		{D5D6976D-2C7F-4C6C-98F6-84CA90684674}.Release|x64.Build.0 = Release|Any CPU
		{D5D6976D-2C7F-4C6C-98F6-84CA90684674}.Release|x86.ActiveCfg = Release|Any CPU
		{D5D6976D-2C7F-4C6C-98F6-84CA90684674}.Release|x86.Build.0 = Release|Any CPU
		{D94E2511-2B38-4FAB-AA2F-C85FA39EF6D4}.Debug|Any CPU.ActiveCfg = Debug|Any CPU
		{D94E2511-2B38-4FAB-AA2F-C85FA39EF6D4}.Debug|Any CPU.Build.0 = Debug|Any CPU
		{D94E2511-2B38-4FAB-AA2F-C85FA39EF6D4}.Debug|x64.ActiveCfg = Debug|Any CPU
		{D94E2511-2B38-4FAB-AA2F-C85FA39EF6D4}.Debug|x64.Build.0 = Debug|Any CPU
		{D94E2511-2B38-4FAB-AA2F-C85FA39EF6D4}.Debug|x86.ActiveCfg = Debug|Any CPU
		{D94E2511-2B38-4FAB-AA2F-C85FA39EF6D4}.Debug|x86.Build.0 = Debug|Any CPU
		{D94E2511-2B38-4FAB-AA2F-C85FA39EF6D4}.Release|Any CPU.ActiveCfg = Release|Any CPU
		{D94E2511-2B38-4FAB-AA2F-C85FA39EF6D4}.Release|Any CPU.Build.0 = Release|Any CPU
		{D94E2511-2B38-4FAB-AA2F-C85FA39EF6D4}.Release|x64.ActiveCfg = Release|Any CPU
		{D94E2511-2B38-4FAB-AA2F-C85FA39EF6D4}.Release|x64.Build.0 = Release|Any CPU
		{D94E2511-2B38-4FAB-AA2F-C85FA39EF6D4}.Release|x86.ActiveCfg = Release|Any CPU
		{D94E2511-2B38-4FAB-AA2F-C85FA39EF6D4}.Release|x86.Build.0 = Release|Any CPU
		{81D73944-FD44-4D40-AB64-E7F8F23F7A8E}.Debug|Any CPU.ActiveCfg = Debug|Any CPU
		{81D73944-FD44-4D40-AB64-E7F8F23F7A8E}.Debug|Any CPU.Build.0 = Debug|Any CPU
		{81D73944-FD44-4D40-AB64-E7F8F23F7A8E}.Debug|x64.ActiveCfg = Debug|Any CPU
		{81D73944-FD44-4D40-AB64-E7F8F23F7A8E}.Debug|x64.Build.0 = Debug|Any CPU
		{81D73944-FD44-4D40-AB64-E7F8F23F7A8E}.Debug|x86.ActiveCfg = Debug|Any CPU
		{81D73944-FD44-4D40-AB64-E7F8F23F7A8E}.Debug|x86.Build.0 = Debug|Any CPU
		{81D73944-FD44-4D40-AB64-E7F8F23F7A8E}.Release|Any CPU.ActiveCfg = Release|Any CPU
		{81D73944-FD44-4D40-AB64-E7F8F23F7A8E}.Release|Any CPU.Build.0 = Release|Any CPU
		{81D73944-FD44-4D40-AB64-E7F8F23F7A8E}.Release|x64.ActiveCfg = Release|Any CPU
		{81D73944-FD44-4D40-AB64-E7F8F23F7A8E}.Release|x64.Build.0 = Release|Any CPU
		{81D73944-FD44-4D40-AB64-E7F8F23F7A8E}.Release|x86.ActiveCfg = Release|Any CPU
		{81D73944-FD44-4D40-AB64-E7F8F23F7A8E}.Release|x86.Build.0 = Release|Any CPU
		{E650F723-2E2B-4201-814E-A4860A107689}.Debug|Any CPU.ActiveCfg = Debug|Any CPU
		{E650F723-2E2B-4201-814E-A4860A107689}.Debug|Any CPU.Build.0 = Debug|Any CPU
		{E650F723-2E2B-4201-814E-A4860A107689}.Debug|x64.ActiveCfg = Debug|Any CPU
		{E650F723-2E2B-4201-814E-A4860A107689}.Debug|x64.Build.0 = Debug|Any CPU
		{E650F723-2E2B-4201-814E-A4860A107689}.Debug|x86.ActiveCfg = Debug|Any CPU
		{E650F723-2E2B-4201-814E-A4860A107689}.Debug|x86.Build.0 = Debug|Any CPU
		{E650F723-2E2B-4201-814E-A4860A107689}.Release|Any CPU.ActiveCfg = Release|Any CPU
		{E650F723-2E2B-4201-814E-A4860A107689}.Release|Any CPU.Build.0 = Release|Any CPU
		{E650F723-2E2B-4201-814E-A4860A107689}.Release|x64.ActiveCfg = Release|Any CPU
		{E650F723-2E2B-4201-814E-A4860A107689}.Release|x64.Build.0 = Release|Any CPU
		{E650F723-2E2B-4201-814E-A4860A107689}.Release|x86.ActiveCfg = Release|Any CPU
		{E650F723-2E2B-4201-814E-A4860A107689}.Release|x86.Build.0 = Release|Any CPU
		{36000A12-871C-4186-87CB-51E36916A616}.Debug|Any CPU.ActiveCfg = Debug|Any CPU
		{36000A12-871C-4186-87CB-51E36916A616}.Debug|Any CPU.Build.0 = Debug|Any CPU
		{36000A12-871C-4186-87CB-51E36916A616}.Debug|x64.ActiveCfg = Debug|Any CPU
		{36000A12-871C-4186-87CB-51E36916A616}.Debug|x64.Build.0 = Debug|Any CPU
		{36000A12-871C-4186-87CB-51E36916A616}.Debug|x86.ActiveCfg = Debug|Any CPU
		{36000A12-871C-4186-87CB-51E36916A616}.Debug|x86.Build.0 = Debug|Any CPU
		{36000A12-871C-4186-87CB-51E36916A616}.Release|Any CPU.ActiveCfg = Release|Any CPU
		{36000A12-871C-4186-87CB-51E36916A616}.Release|Any CPU.Build.0 = Release|Any CPU
		{36000A12-871C-4186-87CB-51E36916A616}.Release|x64.ActiveCfg = Release|Any CPU
		{36000A12-871C-4186-87CB-51E36916A616}.Release|x64.Build.0 = Release|Any CPU
		{36000A12-871C-4186-87CB-51E36916A616}.Release|x86.ActiveCfg = Release|Any CPU
		{36000A12-871C-4186-87CB-51E36916A616}.Release|x86.Build.0 = Release|Any CPU
		{69F8FFED-A694-4182-9B23-44D141ACC0A1}.Debug|Any CPU.ActiveCfg = Debug|Any CPU
		{69F8FFED-A694-4182-9B23-44D141ACC0A1}.Debug|Any CPU.Build.0 = Debug|Any CPU
		{69F8FFED-A694-4182-9B23-44D141ACC0A1}.Debug|x64.ActiveCfg = Debug|Any CPU
		{69F8FFED-A694-4182-9B23-44D141ACC0A1}.Debug|x64.Build.0 = Debug|Any CPU
		{69F8FFED-A694-4182-9B23-44D141ACC0A1}.Debug|x86.ActiveCfg = Debug|Any CPU
		{69F8FFED-A694-4182-9B23-44D141ACC0A1}.Debug|x86.Build.0 = Debug|Any CPU
		{69F8FFED-A694-4182-9B23-44D141ACC0A1}.Release|Any CPU.ActiveCfg = Release|Any CPU
		{69F8FFED-A694-4182-9B23-44D141ACC0A1}.Release|Any CPU.Build.0 = Release|Any CPU
		{69F8FFED-A694-4182-9B23-44D141ACC0A1}.Release|x64.ActiveCfg = Release|Any CPU
		{69F8FFED-A694-4182-9B23-44D141ACC0A1}.Release|x64.Build.0 = Release|Any CPU
		{69F8FFED-A694-4182-9B23-44D141ACC0A1}.Release|x86.ActiveCfg = Release|Any CPU
		{69F8FFED-A694-4182-9B23-44D141ACC0A1}.Release|x86.Build.0 = Release|Any CPU
		{A2F3D1A1-143E-4D66-B00F-1B0C1A1B1B1B}.Debug|Any CPU.ActiveCfg = Debug|Any CPU
		{A2F3D1A1-143E-4D66-B00F-1B0C1A1B1B1B}.Debug|Any CPU.Build.0 = Debug|Any CPU
		{A2F3D1A1-143E-4D66-B00F-1B0C1A1B1B1B}.Debug|x64.ActiveCfg = Debug|Any CPU
		{A2F3D1A1-143E-4D66-B00F-1B0C1A1B1B1B}.Debug|x64.Build.0 = Debug|Any CPU
		{A2F3D1A1-143E-4D66-B00F-1B0C1A1B1B1B}.Debug|x86.ActiveCfg = Debug|Any CPU
		{A2F3D1A1-143E-4D66-B00F-1B0C1A1B1B1B}.Debug|x86.Build.0 = Debug|Any CPU
		{A2F3D1A1-143E-4D66-B00F-1B0C1A1B1B1B}.Release|Any CPU.ActiveCfg = Release|Any CPU
		{A2F3D1A1-143E-4D66-B00F-1B0C1A1B1B1B}.Release|Any CPU.Build.0 = Release|Any CPU
		{A2F3D1A1-143E-4D66-B00F-1B0C1A1B1B1B}.Release|x64.ActiveCfg = Release|Any CPU
		{A2F3D1A1-143E-4D66-B00F-1B0C1A1B1B1B}.Release|x64.Build.0 = Release|Any CPU
		{A2F3D1A1-143E-4D66-B00F-1B0C1A1B1B1B}.Release|x86.ActiveCfg = Release|Any CPU
		{A2F3D1A1-143E-4D66-B00F-1B0C1A1B1B1B}.Release|x86.Build.0 = Release|Any CPU
		{1F829969-A5D3-4A9A-909E-6E6FB1463AED}.Debug|Any CPU.ActiveCfg = Debug|Any CPU
		{1F829969-A5D3-4A9A-909E-6E6FB1463AED}.Debug|Any CPU.Build.0 = Debug|Any CPU
		{1F829969-A5D3-4A9A-909E-6E6FB1463AED}.Debug|x64.ActiveCfg = Debug|Any CPU
		{1F829969-A5D3-4A9A-909E-6E6FB1463AED}.Debug|x64.Build.0 = Debug|Any CPU
		{1F829969-A5D3-4A9A-909E-6E6FB1463AED}.Debug|x86.ActiveCfg = Debug|Any CPU
		{1F829969-A5D3-4A9A-909E-6E6FB1463AED}.Debug|x86.Build.0 = Debug|Any CPU
		{1F829969-A5D3-4A9A-909E-6E6FB1463AED}.Release|Any CPU.ActiveCfg = Release|Any CPU
		{1F829969-A5D3-4A9A-909E-6E6FB1463AED}.Release|Any CPU.Build.0 = Release|Any CPU
		{1F829969-A5D3-4A9A-909E-6E6FB1463AED}.Release|x64.ActiveCfg = Release|Any CPU
		{1F829969-A5D3-4A9A-909E-6E6FB1463AED}.Release|x64.Build.0 = Release|Any CPU
		{1F829969-A5D3-4A9A-909E-6E6FB1463AED}.Release|x86.ActiveCfg = Release|Any CPU
		{1F829969-A5D3-4A9A-909E-6E6FB1463AED}.Release|x86.Build.0 = Release|Any CPU
	EndGlobalSection
	GlobalSection(SolutionProperties) = preSolution
		HideSolutionNode = FALSE
	EndGlobalSection
EndGlobal
